
Microsoft Visual Studio Solution File, Format Version 11.00
# Visual Studio 2010
Project("{FAE04EC0-301F-11D3-BF4B-00C04F79EFBC}") = "RestApi", "RestApi\RestApi.csproj", "{2DD67780-FB0B-4A07-A372-A5E36A9E4BDB}"
EndProject
Global
	GlobalSection(SolutionConfigurationPlatforms) = preSolution
		Debug|Any CPU = Debug|Any CPU
		Release|Any CPU = Release|Any CPU
	EndGlobalSection
	GlobalSection(ProjectConfigurationPlatforms) = postSolution
		{2DD67780-FB0B-4A07-A372-A5E36A9E4BDB}.Debug|Any CPU.ActiveCfg = Debug|Any CPU
		{2DD67780-FB0B-4A07-A372-A5E36A9E4BDB}.Debug|Any CPU.Build.0 = Debug|Any CPU
		{2DD67780-FB0B-4A07-A372-A5E36A9E4BDB}.Release|Any CPU.ActiveCfg = Release|Any CPU
		{2DD67780-FB0B-4A07-A372-A5E36A9E4BDB}.Release|Any CPU.Build.0 = Release|Any CPU
	EndGlobalSection
	GlobalSection(SolutionProperties) = preSolution
		HideSolutionNode = FALSE
	EndGlobalSection
EndGlobal
